
Microsoft Visual Studio Solution File, Format Version 12.00
# Visual Studio Version 17
VisualStudioVersion = 17.0.31912.275
MinimumVisualStudioVersion = 10.0.40219.1
Project("{FAE04EC0-301F-11D3-BF4B-00C04F79EFBC}") = "ServiceBus", "ServiceBus\ServiceBus.csproj", "{0C983D84-DEA7-43EF-8A99-3CC9C62AE37D}"
EndProject
Global
	GlobalSection(SolutionConfigurationPlatforms) = preSolution
		Debug|Any CPU = Debug|Any CPU
		Release|Any CPU = Release|Any CPU
	EndGlobalSection
	GlobalSection(ProjectConfigurationPlatforms) = postSolution
		{0C983D84-DEA7-43EF-8A99-3CC9C62AE37D}.Debug|Any CPU.ActiveCfg = Debug|Any CPU
		{0C983D84-DEA7-43EF-8A99-3CC9C62AE37D}.Debug|Any CPU.Build.0 = Debug|Any CPU
		{0C983D84-DEA7-43EF-8A99-3CC9C62AE37D}.Release|Any CPU.ActiveCfg = Release|Any CPU
		{0C983D84-DEA7-43EF-8A99-3CC9C62AE37D}.Release|Any CPU.Build.0 = Release|Any CPU
	EndGlobalSection
	GlobalSection(SolutionProperties) = preSolution
		HideSolutionNode = FALSE
	EndGlobalSection
	GlobalSection(ExtensibilityGlobals) = postSolution
		SolutionGuid = {E6C5EC6D-B7FF-47C8-8D0B-6E5A94F69014}
	EndGlobalSection
EndGlobal
